<?xml version="1.0" encoding="utf-8"?>
<Project ToolsVersion="4.0" xmlns="http://schemas.microsoft.com/developer/msbuild/2003">
  <ItemGroup>
    <Filter Include="source">
      <UniqueIdentifier>{ebcab20d-be8d-4839-a6dc-7fe05d22f753}</UniqueIdentifier>
    </Filter>
  </ItemGroup>
  <ItemGroup>
    <ClInclude Include="Game.h">
      <Filter>source</Filter>
    </ClInclude>
    <ClInclude Include="Importer.h">
      <Filter>source</Filter>
    </ClInclude>
    <ClInclude Include="Mathjavi.h">
      <Filter>source</Filter>
    </ClInclude>
    <ClInclude Include="myEngine_API.h">
      <Filter>source</Filter>
    </ClInclude>
    <ClInclude Include="pg1_directinput.h">
      <Filter>source</Filter>
    </ClInclude>
    <ClInclude Include="pg1_input.h">
      <Filter>source</Filter>
    </ClInclude>
    <ClInclude Include="pg1_timer.h">
      <Filter>source</Filter>
    </ClInclude>
    <ClInclude Include="Renderer.h">
      <Filter>source</Filter>
    </ClInclude>
    <ClInclude Include="RenderTypes.h">
      <Filter>source</Filter>
    </ClInclude>
    <ClInclude Include="Scene.h">
      <Filter>source</Filter>
    </ClInclude>
    <ClInclude Include="Window.h">
      <Filter>source</Filter>
    </ClInclude>
    <ClInclude Include="AABB.h">
      <Filter>source</Filter>
    </ClInclude>
    <ClInclude Include="Entity3D.h">
      <Filter>source</Filter>
    </ClInclude>
    <ClInclude Include="Mesh.h">
      <Filter>source</Filter>
    </ClInclude>
    <ClInclude Include="pg2_indexbuffer.h">
      <Filter>source</Filter>
    </ClInclude>
    <ClInclude Include="pg2_vertexbuffer.h">
      <Filter>source</Filter>
    </ClInclude>
    <ClInclude Include="Camera.h">
      <Filter>source</Filter>
    </ClInclude>
    <ClInclude Include="Node.h">
      <Filter>source</Filter>
    </ClInclude>
    <ClInclude Include="Engine.h">
      <Filter>source</Filter>
    </ClInclude>
  </ItemGroup>
  <ItemGroup>
    <ClCompile Include="AABB.cpp">
      <Filter>source</Filter>
    </ClCompile>
    <ClCompile Include="Camera.cpp">
      <Filter>source</Filter>
    </ClCompile>
    <ClCompile Include="Engine.cpp">
      <Filter>source</Filter>
    </ClCompile>
    <ClCompile Include="Entity3D.cpp">
      <Filter>source</Filter>
    </ClCompile>
    <ClCompile Include="Game.cpp">
      <Filter>source</Filter>
    </ClCompile>
    <ClCompile Include="Importer.cpp">
      <Filter>source</Filter>
    </ClCompile>
    <ClCompile Include="Mesh.cpp">
      <Filter>source</Filter>
    </ClCompile>
    <ClCompile Include="Node.cpp">
      <Filter>source</Filter>
    </ClCompile>
    <ClCompile Include="pg1_directinput.cpp">
      <Filter>source</Filter>
    </ClCompile>
    <ClCompile Include="pg1_input.cpp">
      <Filter>source</Filter>
    </ClCompile>
    <ClCompile Include="pg1_timer.cpp">
      <Filter>source</Filter>
    </ClCompile>
    <ClCompile Include="pg2_indexbuffer.cpp">
      <Filter>source</Filter>
    </ClCompile>
    <ClCompile Include="pg2_vertexbuffer.cpp">
      <Filter>source</Filter>
    </ClCompile>
    <ClCompile Include="Renderer.cpp">
      <Filter>source</Filter>
    </ClCompile>
    <ClCompile Include="RenderTypes.cpp">
      <Filter>source</Filter>
    </ClCompile>
    <ClCompile Include="Scene.cpp">
      <Filter>source</Filter>
    </ClCompile>
    <ClCompile Include="Window.cpp">
      <Filter>source</Filter>
    </ClCompile>
    <ClCompile Include="Mathjavi.cpp">
      <Filter>source</Filter>
    </ClCompile>
  </ItemGroup>
</Project>