<?xml version="1.0" encoding="utf-8"?>
<Project ToolsVersion="4.0" xmlns="http://schemas.microsoft.com/developer/msbuild/2003">
  <ItemGroup>
    <Filter Include="Include">
      <UniqueIdentifier>{fc06caa0-5158-4956-b5c0-5a231f9f53ad}</UniqueIdentifier>
    </Filter>
    <Filter Include="Source">
      <UniqueIdentifier>{fb160411-8ffd-4ec1-b74e-ff2660e21cd6}</UniqueIdentifier>
    </Filter>
  </ItemGroup>
  <ItemGroup>
    <ClInclude Include="include\Scene2.h">
      <Filter>Include</Filter>
    </ClInclude>
    <ClInclude Include="include\testGame.h">
      <Filter>Include</Filter>
    </ClInclude>
  </ItemGroup>
  <ItemGroup>
    <ClCompile Include="src\main.cpp">
      <Filter>Source</Filter>
    </ClCompile>
    <ClCompile Include="src\Scene2.cpp">
      <Filter>Source</Filter>
    </ClCompile>
    <ClCompile Include="src\TestGame.cpp">
      <Filter>Source</Filter>
    </ClCompile>
  </ItemGroup>
</Project>